{
  "name": "pipeman",
  "version": "1.0.0",
  "lockfileVersion": 3,
  "requires": true,
  "packages": {
    "": {
      "name": "pipeman",
      "version": "1.0.0",
      "license": "ISC",
      "dependencies": {
        "@bufbuild/protobuf": "^2.5.1"
      }
    },
    "node_modules/@bufbuild/protobuf": {
      "version": "2.5.1",
      "resolved": "https://registry.npmjs.org/@bufbuild/protobuf/-/protobuf-2.5.1.tgz",
      "integrity": "sha512-lut4UTvKL8tqtend0UDu7R79/n9jA7Jtxf77RNPbxtmWqfWI4qQ9bTjf7KCS4vfqLmpQbuHr1ciqJumAgJODdw==",
      "license": "(Apache-2.0 AND BSD-3-Clause)"
    }
  }
}
